
Microsoft Visual Studio Solution File, Format Version 12.00
# Visual Studio Version 17
VisualStudioVersion = 17.11.35327.3
MinimumVisualStudioVersion = 10.0.40219.1
Project("{FAE04EC0-301F-11D3-BF4B-00C04F79EFBC}") = "AcmeServices", "AcmeServices\AcmeServices.csproj", "{52BDD32D-68AE-4DB8-B714-4DC90D2D1F4B}"
EndProject
Global
	GlobalSection(SolutionConfigurationPlatforms) = preSolution
		Debug|Any CPU = Debug|Any CPU
		Release|Any CPU = Release|Any CPU
	EndGlobalSection
	GlobalSection(ProjectConfigurationPlatforms) = postSolution
		{52BDD32D-68AE-4DB8-B714-4DC90D2D1F4B}.Debug|Any CPU.ActiveCfg = Debug|Any CPU
		{52BDD32D-68AE-4DB8-B714-4DC90D2D1F4B}.Debug|Any CPU.Build.0 = Debug|Any CPU
		{52BDD32D-68AE-4DB8-B714-4DC90D2D1F4B}.Release|Any CPU.ActiveCfg = Release|Any CPU
		{52BDD32D-68AE-4DB8-B714-4DC90D2D1F4B}.Release|Any CPU.Build.0 = Release|Any CPU
	EndGlobalSection
	GlobalSection(SolutionProperties) = preSolution
		HideSolutionNode = FALSE
	EndGlobalSection
	GlobalSection(ExtensibilityGlobals) = postSolution
		SolutionGuid = {5348BE40-25FB-41CC-A4A0-E43212DF0114}
	EndGlobalSection
EndGlobal
